
Microsoft Visual Studio Solution File, Format Version 12.00
# Visual Studio 2012
Project("{FAE04EC0-301F-11D3-BF4B-00C04F79EFBC}") = "ScrumboardSPA", "ScrumboardSPA\ScrumboardSPA.csproj", "{B25E9F98-DACD-4255-ADB3-BD91E8E09A68}"
EndProject
Project("{FAE04EC0-301F-11D3-BF4B-00C04F79EFBC}") = "ScrumboardSPA.Test", "ScrumboardSPA.Test\ScrumboardSPA.Test.csproj", "{ED084747-616A-4828-901D-B73D5E6845C9}"
EndProject
Project("{2150E333-8FDC-42A3-9474-1A3956D46DE8}") = ".nuget", ".nuget", "{0FA662E7-CB86-48D3-B693-A109699CD41E}"
	ProjectSection(SolutionItems) = preProject
		.nuget\NuGet.Config = .nuget\NuGet.Config
		.nuget\NuGet.exe = .nuget\NuGet.exe
		.nuget\NuGet.targets = .nuget\NuGet.targets
	EndProjectSection
EndProject
Global
	GlobalSection(SolutionConfigurationPlatforms) = preSolution
		Debug|Any CPU = Debug|Any CPU
		Release|Any CPU = Release|Any CPU
	EndGlobalSection
	GlobalSection(ProjectConfigurationPlatforms) = postSolution
		{B25E9F98-DACD-4255-ADB3-BD91E8E09A68}.Debug|Any CPU.ActiveCfg = Debug|Any CPU
		{B25E9F98-DACD-4255-ADB3-BD91E8E09A68}.Debug|Any CPU.Build.0 = Debug|Any CPU
		{B25E9F98-DACD-4255-ADB3-BD91E8E09A68}.Release|Any CPU.ActiveCfg = Release|Any CPU
		{B25E9F98-DACD-4255-ADB3-BD91E8E09A68}.Release|Any CPU.Build.0 = Release|Any CPU
		{ED084747-616A-4828-901D-B73D5E6845C9}.Debug|Any CPU.ActiveCfg = Debug|Any CPU
		{ED084747-616A-4828-901D-B73D5E6845C9}.Debug|Any CPU.Build.0 = Debug|Any CPU
		{ED084747-616A-4828-901D-B73D5E6845C9}.Release|Any CPU.ActiveCfg = Release|Any CPU
		{ED084747-616A-4828-901D-B73D5E6845C9}.Release|Any CPU.Build.0 = Release|Any CPU
	EndGlobalSection
	GlobalSection(SolutionProperties) = preSolution
		HideSolutionNode = FALSE
	EndGlobalSection
EndGlobal
